
Microsoft Visual Studio Solution File, Format Version 12.00
# Visual Studio 15
VisualStudioVersion = 15.0.28307.106
MinimumVisualStudioVersion = 10.0.40219.1
Project("{FAE04EC0-301F-11D3-BF4B-00C04F79EFBC}") = "ComplexFile", "ComplexFile\ComplexFile.csproj", "{B930B221-85F3-4FDF-853A-2F90EE80E74B}"
EndProject
Global
	GlobalSection(SolutionConfigurationPlatforms) = preSolution
		Debug|Any CPU = Debug|Any CPU
		Release|Any CPU = Release|Any CPU
	EndGlobalSection
	GlobalSection(ProjectConfigurationPlatforms) = postSolution
		{B930B221-85F3-4FDF-853A-2F90EE80E74B}.Debug|Any CPU.ActiveCfg = Debug|Any CPU
		{B930B221-85F3-4FDF-853A-2F90EE80E74B}.Debug|Any CPU.Build.0 = Debug|Any CPU
		{B930B221-85F3-4FDF-853A-2F90EE80E74B}.Release|Any CPU.ActiveCfg = Release|Any CPU
		{B930B221-85F3-4FDF-853A-2F90EE80E74B}.Release|Any CPU.Build.0 = Release|Any CPU
	EndGlobalSection
	GlobalSection(SolutionProperties) = preSolution
		HideSolutionNode = FALSE
	EndGlobalSection
	GlobalSection(ExtensibilityGlobals) = postSolution
		SolutionGuid = {4FC50962-0E0F-4BE0-A02A-920D5B970CF9}
	EndGlobalSection
EndGlobal
